
Microsoft Visual Studio Solution File, Format Version 12.00
# Visual Studio Version 17
VisualStudioVersion = 17.12.35527.113
MinimumVisualStudioVersion = 10.0.40219.1
Project("{2150E333-8FDC-42A3-9474-1A3956D46DE8}") = "src", "src", "{8FCEC76E-74E2-4A15-8646-BB5F1C1331FD}"
EndProject
Project("{FAE04EC0-301F-11D3-BF4B-00C04F79EFBC}") = "Domain", "Domain\Domain.csproj", "{E1E1184E-A01A-4338-B23B-D19F3CAC8CE1}"
EndProject
Project("{FAE04EC0-301F-11D3-BF4B-00C04F79EFBC}") = "Application", "Application\Application.csproj", "{17339BF7-174D-4A50-9C38-7E58FD8FBB27}"
EndProject
Project("{FAE04EC0-301F-11D3-BF4B-00C04F79EFBC}") = "Infrastructure", "Infrastructure\Infrastructure.csproj", "{5EBA89C2-3344-42CF-B0CA-6B00C17673A6}"
EndProject
Project("{FAE04EC0-301F-11D3-BF4B-00C04F79EFBC}") = "Presentation", "Presentation\Presentation.csproj", "{806B0BCB-4CE1-4AA0-B9BC-1451DA9CAAF2}"
EndProject
Project("{2150E333-8FDC-42A3-9474-1A3956D46DE8}") = "Front-end", "Front-end", "{02EA681E-C7D8-13C7-8484-4AC65E1B71E8}"
EndProject
Project("{FAE04EC0-301F-11D3-BF4B-00C04F79EFBC}") = "TodoManagement", "TodoManagement\TodoManagement.csproj", "{C2ED994F-4C6B-4260-9C83-2B5E7D54ABBA}"
EndProject
Global
	GlobalSection(SolutionConfigurationPlatforms) = preSolution
		Debug|Any CPU = Debug|Any CPU
		Release|Any CPU = Release|Any CPU
	EndGlobalSection
	GlobalSection(ProjectConfigurationPlatforms) = postSolution
		{E1E1184E-A01A-4338-B23B-D19F3CAC8CE1}.Debug|Any CPU.ActiveCfg = Debug|Any CPU
		{E1E1184E-A01A-4338-B23B-D19F3CAC8CE1}.Debug|Any CPU.Build.0 = Debug|Any CPU
		{E1E1184E-A01A-4338-B23B-D19F3CAC8CE1}.Release|Any CPU.ActiveCfg = Release|Any CPU
		{E1E1184E-A01A-4338-B23B-D19F3CAC8CE1}.Release|Any CPU.Build.0 = Release|Any CPU
		{17339BF7-174D-4A50-9C38-7E58FD8FBB27}.Debug|Any CPU.ActiveCfg = Debug|Any CPU
		{17339BF7-174D-4A50-9C38-7E58FD8FBB27}.Debug|Any CPU.Build.0 = Debug|Any CPU
		{17339BF7-174D-4A50-9C38-7E58FD8FBB27}.Release|Any CPU.ActiveCfg = Release|Any CPU
		{17339BF7-174D-4A50-9C38-7E58FD8FBB27}.Release|Any CPU.Build.0 = Release|Any CPU
		{5EBA89C2-3344-42CF-B0CA-6B00C17673A6}.Debug|Any CPU.ActiveCfg = Debug|Any CPU
		{5EBA89C2-3344-42CF-B0CA-6B00C17673A6}.Debug|Any CPU.Build.0 = Debug|Any CPU
		{5EBA89C2-3344-42CF-B0CA-6B00C17673A6}.Release|Any CPU.ActiveCfg = Release|Any CPU
		{5EBA89C2-3344-42CF-B0CA-6B00C17673A6}.Release|Any CPU.Build.0 = Release|Any CPU
		{806B0BCB-4CE1-4AA0-B9BC-1451DA9CAAF2}.Debug|Any CPU.ActiveCfg = Debug|Any CPU
		{806B0BCB-4CE1-4AA0-B9BC-1451DA9CAAF2}.Debug|Any CPU.Build.0 = Debug|Any CPU
		{806B0BCB-4CE1-4AA0-B9BC-1451DA9CAAF2}.Release|Any CPU.ActiveCfg = Release|Any CPU
		{806B0BCB-4CE1-4AA0-B9BC-1451DA9CAAF2}.Release|Any CPU.Build.0 = Release|Any CPU
		{C2ED994F-4C6B-4260-9C83-2B5E7D54ABBA}.Debug|Any CPU.ActiveCfg = Debug|Any CPU
		{C2ED994F-4C6B-4260-9C83-2B5E7D54ABBA}.Debug|Any CPU.Build.0 = Debug|Any CPU
		{C2ED994F-4C6B-4260-9C83-2B5E7D54ABBA}.Release|Any CPU.ActiveCfg = Release|Any CPU
		{C2ED994F-4C6B-4260-9C83-2B5E7D54ABBA}.Release|Any CPU.Build.0 = Release|Any CPU
	EndGlobalSection
	GlobalSection(SolutionProperties) = preSolution
		HideSolutionNode = FALSE
	EndGlobalSection
	GlobalSection(NestedProjects) = preSolution
		{E1E1184E-A01A-4338-B23B-D19F3CAC8CE1} = {8FCEC76E-74E2-4A15-8646-BB5F1C1331FD}
		{17339BF7-174D-4A50-9C38-7E58FD8FBB27} = {8FCEC76E-74E2-4A15-8646-BB5F1C1331FD}
		{5EBA89C2-3344-42CF-B0CA-6B00C17673A6} = {8FCEC76E-74E2-4A15-8646-BB5F1C1331FD}
		{806B0BCB-4CE1-4AA0-B9BC-1451DA9CAAF2} = {8FCEC76E-74E2-4A15-8646-BB5F1C1331FD}
		{C2ED994F-4C6B-4260-9C83-2B5E7D54ABBA} = {02EA681E-C7D8-13C7-8484-4AC65E1B71E8}
	EndGlobalSection
	GlobalSection(ExtensibilityGlobals) = postSolution
		SolutionGuid = {97690E0D-CB02-47EA-8760-6E3FCB0C88DB}
	EndGlobalSection
EndGlobal
